// !$*UTF8*$!
{
	archiveVersion = 1;
	classes = {
	};
	objectVersion = 56;
	objects = {

/* Begin PBXBuildFile section */
		C263A85F2B55515C006BB0E5 /* UserChatTableViewCell.swift in Sources */ = {isa = PBXBuildFile; fileRef = C263A85D2B55515C006BB0E5 /* UserChatTableViewCell.swift */; };
		C263A8602B55515C006BB0E5 /* UserChatTableViewCell.xib in Resources */ = {isa = PBXBuildFile; fileRef = C263A85E2B55515C006BB0E5 /* UserChatTableViewCell.xib */; };
		C263A8632B555619006BB0E5 /* Protocol.swift in Sources */ = {isa = PBXBuildFile; fileRef = C263A8622B555619006BB0E5 /* Protocol.swift */; };
		C2EC14B12B52551200F75A3B /* AppDelegate.swift in Sources */ = {isa = PBXBuildFile; fileRef = C2EC14B02B52551200F75A3B /* AppDelegate.swift */; };
		C2EC14B32B52551200F75A3B /* SceneDelegate.swift in Sources */ = {isa = PBXBuildFile; fileRef = C2EC14B22B52551200F75A3B /* SceneDelegate.swift */; };
		C2EC14B52B52551200F75A3B /* ViewController.swift in Sources */ = {isa = PBXBuildFile; fileRef = C2EC14B42B52551200F75A3B /* ViewController.swift */; };
		C2EC14B82B52551200F75A3B /* Main.storyboard in Resources */ = {isa = PBXBuildFile; fileRef = C2EC14B62B52551200F75A3B /* Main.storyboard */; };
		C2EC14BA2B52551400F75A3B /* Assets.xcassets in Resources */ = {isa = PBXBuildFile; fileRef = C2EC14B92B52551400F75A3B /* Assets.xcassets */; };
		C2EC14BD2B52551400F75A3B /* LaunchScreen.storyboard in Resources */ = {isa = PBXBuildFile; fileRef = C2EC14BB2B52551400F75A3B /* LaunchScreen.storyboard */; };
		C2EC14C52B52553700F75A3B /* ChattingData.swift in Sources */ = {isa = PBXBuildFile; fileRef = C2EC14C42B52553700F75A3B /* ChattingData.swift */; };
		C2EC14CC2B525B7500F75A3B /* TravelTalkTableViewCell.swift in Sources */ = {isa = PBXBuildFile; fileRef = C2EC14CA2B525B7500F75A3B /* TravelTalkTableViewCell.swift */; };
		C2EC14CD2B525B7500F75A3B /* TravelTalkTableViewCell.xib in Resources */ = {isa = PBXBuildFile; fileRef = C2EC14CB2B525B7500F75A3B /* TravelTalkTableViewCell.xib */; };
		C2EC14D12B52C12900F75A3B /* ChatScreenViewController.swift in Sources */ = {isa = PBXBuildFile; fileRef = C2EC14D02B52C12900F75A3B /* ChatScreenViewController.swift */; };
		C2EC14D42B52C2DA00F75A3B /* ChatScreenTableViewCell.swift in Sources */ = {isa = PBXBuildFile; fileRef = C2EC14D22B52C2DA00F75A3B /* ChatScreenTableViewCell.swift */; };
		C2EC14D52B52C2DA00F75A3B /* ChatScreenTableViewCell.xib in Resources */ = {isa = PBXBuildFile; fileRef = C2EC14D32B52C2DA00F75A3B /* ChatScreenTableViewCell.xib */; };
/* End PBXBuildFile section */

/* Begin PBXFileReference section */
		C263A85D2B55515C006BB0E5 /* UserChatTableViewCell.swift */ = {isa = PBXFileReference; lastKnownFileType = sourcecode.swift; path = UserChatTableViewCell.swift; sourceTree = "<group>"; };
		C263A85E2B55515C006BB0E5 /* UserChatTableViewCell.xib */ = {isa = PBXFileReference; lastKnownFileType = file.xib; path = UserChatTableViewCell.xib; sourceTree = "<group>"; };
		C263A8622B555619006BB0E5 /* Protocol.swift */ = {isa = PBXFileReference; lastKnownFileType = sourcecode.swift; path = Protocol.swift; sourceTree = "<group>"; };
		C2EC14AD2B52551200F75A3B /* SeSAC_HW_ChattingData.app */ = {isa = PBXFileReference; explicitFileType = wrapper.application; includeInIndex = 0; path = SeSAC_HW_ChattingData.app; sourceTree = BUILT_PRODUCTS_DIR; };
		C2EC14B02B52551200F75A3B /* AppDelegate.swift */ = {isa = PBXFileReference; lastKnownFileType = sourcecode.swift; path = AppDelegate.swift; sourceTree = "<group>"; };
		C2EC14B22B52551200F75A3B /* SceneDelegate.swift */ = {isa = PBXFileReference; lastKnownFileType = sourcecode.swift; path = SceneDelegate.swift; sourceTree = "<group>"; };
		C2EC14B42B52551200F75A3B /* ViewController.swift */ = {isa = PBXFileReference; lastKnownFileType = sourcecode.swift; path = ViewController.swift; sourceTree = "<group>"; };
		C2EC14B72B52551200F75A3B /* Base */ = {isa = PBXFileReference; lastKnownFileType = file.storyboard; name = Base; path = Base.lproj/Main.storyboard; sourceTree = "<group>"; };
		C2EC14B92B52551400F75A3B /* Assets.xcassets */ = {isa = PBXFileReference; lastKnownFileType = folder.assetcatalog; path = Assets.xcassets; sourceTree = "<group>"; };
		C2EC14BC2B52551400F75A3B /* Base */ = {isa = PBXFileReference; lastKnownFileType = file.storyboard; name = Base; path = Base.lproj/LaunchScreen.storyboard; sourceTree = "<group>"; };
		C2EC14BE2B52551400F75A3B /* Info.plist */ = {isa = PBXFileReference; lastKnownFileType = text.plist.xml; path = Info.plist; sourceTree = "<group>"; };
		C2EC14C42B52553700F75A3B /* ChattingData.swift */ = {isa = PBXFileReference; fileEncoding = 4; lastKnownFileType = sourcecode.swift; path = ChattingData.swift; sourceTree = "<group>"; };
		C2EC14CA2B525B7500F75A3B /* TravelTalkTableViewCell.swift */ = {isa = PBXFileReference; lastKnownFileType = sourcecode.swift; path = TravelTalkTableViewCell.swift; sourceTree = "<group>"; };
		C2EC14CB2B525B7500F75A3B /* TravelTalkTableViewCell.xib */ = {isa = PBXFileReference; lastKnownFileType = file.xib; path = TravelTalkTableViewCell.xib; sourceTree = "<group>"; };
		C2EC14D02B52C12900F75A3B /* ChatScreenViewController.swift */ = {isa = PBXFileReference; lastKnownFileType = sourcecode.swift; path = ChatScreenViewController.swift; sourceTree = "<group>"; };
		C2EC14D22B52C2DA00F75A3B /* ChatScreenTableViewCell.swift */ = {isa = PBXFileReference; lastKnownFileType = sourcecode.swift; path = ChatScreenTableViewCell.swift; sourceTree = "<group>"; };
		C2EC14D32B52C2DA00F75A3B /* ChatScreenTableViewCell.xib */ = {isa = PBXFileReference; lastKnownFileType = file.xib; path = ChatScreenTableViewCell.xib; sourceTree = "<group>"; };
/* End PBXFileReference section */

/* Begin PBXFrameworksBuildPhase section */
		C2EC14AA2B52551200F75A3B /* Frameworks */ = {
			isa = PBXFrameworksBuildPhase;
			buildActionMask = 2147483647;
			files = (
			);
			runOnlyForDeploymentPostprocessing = 0;
		};
/* End PBXFrameworksBuildPhase section */

/* Begin PBXGroup section */
		C263A8612B555612006BB0E5 /* Protocol */ = {
			isa = PBXGroup;
			children = (
				C263A8622B555619006BB0E5 /* Protocol.swift */,
			);
			path = Protocol;
			sourceTree = "<group>";
		};
		C2644FEB2B540CC3007F086D /* Main */ = {
			isa = PBXGroup;
			children = (
				C2EC14B62B52551200F75A3B /* Main.storyboard */,
				C2EC14B42B52551200F75A3B /* ViewController.swift */,
				C2644FEC2B540CDD007F086D /* TravelTalkCell */,
			);
			path = Main;
			sourceTree = "<group>";
		};
		C2644FEC2B540CDD007F086D /* TravelTalkCell */ = {
			isa = PBXGroup;
			children = (
				C2EC14CA2B525B7500F75A3B /* TravelTalkTableViewCell.swift */,
				C2EC14CB2B525B7500F75A3B /* TravelTalkTableViewCell.xib */,
			);
			path = TravelTalkCell;
			sourceTree = "<group>";
		};
		C2644FED2B540CEB007F086D /* ChatScreenCell */ = {
			isa = PBXGroup;
			children = (
				C263A85D2B55515C006BB0E5 /* UserChatTableViewCell.swift */,
				C263A85E2B55515C006BB0E5 /* UserChatTableViewCell.xib */,
				C2EC14D32B52C2DA00F75A3B /* ChatScreenTableViewCell.xib */,
				C2EC14D22B52C2DA00F75A3B /* ChatScreenTableViewCell.swift */,
			);
			path = ChatScreenCell;
			sourceTree = "<group>";
		};
		C2644FEE2B540D11007F086D /* ChatScreen */ = {
			isa = PBXGroup;
			children = (
				C2644FED2B540CEB007F086D /* ChatScreenCell */,
				C2EC14D02B52C12900F75A3B /* ChatScreenViewController.swift */,
			);
			path = ChatScreen;
			sourceTree = "<group>";
		};
		C2644FEF2B540E28007F086D /* Data */ = {
			isa = PBXGroup;
			children = (
				C2EC14C42B52553700F75A3B /* ChattingData.swift */,
			);
			path = Data;
			sourceTree = "<group>";
		};
		C2EC14A42B52551200F75A3B = {
			isa = PBXGroup;
			children = (
				C2EC14AF2B52551200F75A3B /* SeSAC_HW_ChattingData */,
				C2EC14AE2B52551200F75A3B /* Products */,
			);
			sourceTree = "<group>";
		};
		C2EC14AE2B52551200F75A3B /* Products */ = {
			isa = PBXGroup;
			children = (
				C2EC14AD2B52551200F75A3B /* SeSAC_HW_ChattingData.app */,
			);
			name = Products;
			sourceTree = "<group>";
		};
		C2EC14AF2B52551200F75A3B /* SeSAC_HW_ChattingData */ = {
			isa = PBXGroup;
			children = (
				C263A8612B555612006BB0E5 /* Protocol */,
				C2EC14B02B52551200F75A3B /* AppDelegate.swift */,
				C2EC14B22B52551200F75A3B /* SceneDelegate.swift */,
				C2EC14BB2B52551400F75A3B /* LaunchScreen.storyboard */,
				C2EC14BE2B52551400F75A3B /* Info.plist */,
				C2EC14B92B52551400F75A3B /* Assets.xcassets */,
				C2644FEB2B540CC3007F086D /* Main */,
				C2644FEE2B540D11007F086D /* ChatScreen */,
				C2644FEF2B540E28007F086D /* Data */,
			);
			path = SeSAC_HW_ChattingData;
			sourceTree = "<group>";
		};
/* End PBXGroup section */

/* Begin PBXNativeTarget section */
		C2EC14AC2B52551200F75A3B /* SeSAC_HW_ChattingData */ = {
			isa = PBXNativeTarget;
			buildConfigurationList = C2EC14C12B52551400F75A3B /* Build configuration list for PBXNativeTarget "SeSAC_HW_ChattingData" */;
			buildPhases = (
				C2EC14A92B52551200F75A3B /* Sources */,
				C2EC14AA2B52551200F75A3B /* Frameworks */,
				C2EC14AB2B52551200F75A3B /* Resources */,
			);
			buildRules = (
			);
			dependencies = (
			);
			name = SeSAC_HW_ChattingData;
			productName = SeSAC_HW_ChattingData;
			productReference = C2EC14AD2B52551200F75A3B /* SeSAC_HW_ChattingData.app */;
			productType = "com.apple.product-type.application";
		};
/* End PBXNativeTarget section */

/* Begin PBXProject section */
		C2EC14A52B52551200F75A3B /* Project object */ = {
			isa = PBXProject;
			attributes = {
				BuildIndependentTargetsInParallel = 1;
				LastSwiftUpdateCheck = 1510;
				LastUpgradeCheck = 1510;
				TargetAttributes = {
					C2EC14AC2B52551200F75A3B = {
						CreatedOnToolsVersion = 15.1;
					};
				};
			};
			buildConfigurationList = C2EC14A82B52551200F75A3B /* Build configuration list for PBXProject "SeSAC_HW_ChattingData" */;
			compatibilityVersion = "Xcode 14.0";
			developmentRegion = en;
			hasScannedForEncodings = 0;
			knownRegions = (
				en,
				Base,
			);
			mainGroup = C2EC14A42B52551200F75A3B;
			productRefGroup = C2EC14AE2B52551200F75A3B /* Products */;
			projectDirPath = "";
			projectRoot = "";
			targets = (
				C2EC14AC2B52551200F75A3B /* SeSAC_HW_ChattingData */,
			);
		};
/* End PBXProject section */

/* Begin PBXResourcesBuildPhase section */
		C2EC14AB2B52551200F75A3B /* Resources */ = {
			isa = PBXResourcesBuildPhase;
			buildActionMask = 2147483647;
			files = (
				C2EC14BD2B52551400F75A3B /* LaunchScreen.storyboard in Resources */,
				C2EC14CD2B525B7500F75A3B /* TravelTalkTableViewCell.xib in Resources */,
				C2EC14BA2B52551400F75A3B /* Assets.xcassets in Resources */,
				C2EC14B82B52551200F75A3B /* Main.storyboard in Resources */,
				C263A8602B55515C006BB0E5 /* UserChatTableViewCell.xib in Resources */,
				C2EC14D52B52C2DA00F75A3B /* ChatScreenTableViewCell.xib in Resources */,
			);
			runOnlyForDeploymentPostprocessing = 0;
		};
/* End PBXResourcesBuildPhase section */

/* Begin PBXSourcesBuildPhase section */
		C2EC14A92B52551200F75A3B /* Sources */ = {
			isa = PBXSourcesBuildPhase;
			buildActionMask = 2147483647;
			files = (
				C263A85F2B55515C006BB0E5 /* UserChatTableViewCell.swift in Sources */,
				C2EC14B52B52551200F75A3B /* ViewController.swift in Sources */,
				C2EC14C52B52553700F75A3B /* ChattingData.swift in Sources */,
				C2EC14B12B52551200F75A3B /* AppDelegate.swift in Sources */,
				C2EC14B32B52551200F75A3B /* SceneDelegate.swift in Sources */,
				C263A8632B555619006BB0E5 /* Protocol.swift in Sources */,
				C2EC14D42B52C2DA00F75A3B /* ChatScreenTableViewCell.swift in Sources */,
				C2EC14D12B52C12900F75A3B /* ChatScreenViewController.swift in Sources */,
				C2EC14CC2B525B7500F75A3B /* TravelTalkTableViewCell.swift in Sources */,
			);
			runOnlyForDeploymentPostprocessing = 0;
		};
/* End PBXSourcesBuildPhase section */

/* Begin PBXVariantGroup section */
		C2EC14B62B52551200F75A3B /* Main.storyboard */ = {
			isa = PBXVariantGroup;
			children = (
				C2EC14B72B52551200F75A3B /* Base */,
			);
			name = Main.storyboard;
			sourceTree = "<group>";
		};
		C2EC14BB2B52551400F75A3B /* LaunchScreen.storyboard */ = {
			isa = PBXVariantGroup;
			children = (
				C2EC14BC2B52551400F75A3B /* Base */,
			);
			name = LaunchScreen.storyboard;
			sourceTree = "<group>";
		};
/* End PBXVariantGroup section */

/* Begin XCBuildConfiguration section */
		C2EC14BF2B52551400F75A3B /* Debug */ = {
			isa = XCBuildConfiguration;
			buildSettings = {
				ALWAYS_SEARCH_USER_PATHS = NO;
				ASSETCATALOG_COMPILER_GENERATE_SWIFT_ASSET_SYMBOL_EXTENSIONS = YES;
				CLANG_ANALYZER_NONNULL = YES;
				CLANG_ANALYZER_NUMBER_OBJECT_CONVERSION = YES_AGGRESSIVE;
				CLANG_CXX_LANGUAGE_STANDARD = "gnu++20";
				CLANG_ENABLE_MODULES = YES;
				CLANG_ENABLE_OBJC_ARC = YES;
				CLANG_ENABLE_OBJC_WEAK = YES;
				CLANG_WARN_BLOCK_CAPTURE_AUTORELEASING = YES;
				CLANG_WARN_BOOL_CONVERSION = YES;
				CLANG_WARN_COMMA = YES;
				CLANG_WARN_CONSTANT_CONVERSION = YES;
				CLANG_WARN_DEPRECATED_OBJC_IMPLEMENTATIONS = YES;
				CLANG_WARN_DIRECT_OBJC_ISA_USAGE = YES_ERROR;
				CLANG_WARN_DOCUMENTATION_COMMENTS = YES;
				CLANG_WARN_EMPTY_BODY = YES;
				CLANG_WARN_ENUM_CONVERSION = YES;
				CLANG_WARN_INFINITE_RECURSION = YES;
				CLANG_WARN_INT_CONVERSION = YES;
				CLANG_WARN_NON_LITERAL_NULL_CONVERSION = YES;
				CLANG_WARN_OBJC_IMPLICIT_RETAIN_SELF = YES;
				CLANG_WARN_OBJC_LITERAL_CONVERSION = YES;
				CLANG_WARN_OBJC_ROOT_CLASS = YES_ERROR;
				CLANG_WARN_QUOTED_INCLUDE_IN_FRAMEWORK_HEADER = YES;
				CLANG_WARN_RANGE_LOOP_ANALYSIS = YES;
				CLANG_WARN_STRICT_PROTOTYPES = YES;
				CLANG_WARN_SUSPICIOUS_MOVE = YES;
				CLANG_WARN_UNGUARDED_AVAILABILITY = YES_AGGRESSIVE;
				CLANG_WARN_UNREACHABLE_CODE = YES;
				CLANG_WARN__DUPLICATE_METHOD_MATCH = YES;
				COPY_PHASE_STRIP = NO;
				DEBUG_INFORMATION_FORMAT = dwarf;
				ENABLE_STRICT_OBJC_MSGSEND = YES;
				ENABLE_TESTABILITY = YES;
				ENABLE_USER_SCRIPT_SANDBOXING = YES;
				GCC_C_LANGUAGE_STANDARD = gnu17;
				GCC_DYNAMIC_NO_PIC = NO;
				GCC_NO_COMMON_BLOCKS = YES;
				GCC_OPTIMIZATION_LEVEL = 0;
				GCC_PREPROCESSOR_DEFINITIONS = (
					"DEBUG=1",
					"$(inherited)",
				);
				GCC_WARN_64_TO_32_BIT_CONVERSION = YES;
				GCC_WARN_ABOUT_RETURN_TYPE = YES_ERROR;
				GCC_WARN_UNDECLARED_SELECTOR = YES;
				GCC_WARN_UNINITIALIZED_AUTOS = YES_AGGRESSIVE;
				GCC_WARN_UNUSED_FUNCTION = YES;
				GCC_WARN_UNUSED_VARIABLE = YES;
				IPHONEOS_DEPLOYMENT_TARGET = 17.2;
				LOCALIZATION_PREFERS_STRING_CATALOGS = YES;
				MTL_ENABLE_DEBUG_INFO = INCLUDE_SOURCE;
				MTL_FAST_MATH = YES;
				ONLY_ACTIVE_ARCH = YES;
				SDKROOT = iphoneos;
				SWIFT_ACTIVE_COMPILATION_CONDITIONS = "DEBUG $(inherited)";
				SWIFT_OPTIMIZATION_LEVEL = "-Onone";
			};
			name = Debug;
		};
		C2EC14C02B52551400F75A3B /* Release */ = {
			isa = XCBuildConfiguration;
			buildSettings = {
				ALWAYS_SEARCH_USER_PATHS = NO;
				ASSETCATALOG_COMPILER_GENERATE_SWIFT_ASSET_SYMBOL_EXTENSIONS = YES;
				CLANG_ANALYZER_NONNULL = YES;
				CLANG_ANALYZER_NUMBER_OBJECT_CONVERSION = YES_AGGRESSIVE;
				CLANG_CXX_LANGUAGE_STANDARD = "gnu++20";
				CLANG_ENABLE_MODULES = YES;
				CLANG_ENABLE_OBJC_ARC = YES;
				CLANG_ENABLE_OBJC_WEAK = YES;
				CLANG_WARN_BLOCK_CAPTURE_AUTORELEASING = YES;
				CLANG_WARN_BOOL_CONVERSION = YES;
				CLANG_WARN_COMMA = YES;
				CLANG_WARN_CONSTANT_CONVERSION = YES;
				CLANG_WARN_DEPRECATED_OBJC_IMPLEMENTATIONS = YES;
				CLANG_WARN_DIRECT_OBJC_ISA_USAGE = YES_ERROR;
				CLANG_WARN_DOCUMENTATION_COMMENTS = YES;
				CLANG_WARN_EMPTY_BODY = YES;
				CLANG_WARN_ENUM_CONVERSION = YES;
				CLANG_WARN_INFINITE_RECURSION = YES;
				CLANG_WARN_INT_CONVERSION = YES;
				CLANG_WARN_NON_LITERAL_NULL_CONVERSION = YES;
				CLANG_WARN_OBJC_IMPLICIT_RETAIN_SELF = YES;
				CLANG_WARN_OBJC_LITERAL_CONVERSION = YES;
				CLANG_WARN_OBJC_ROOT_CLASS = YES_ERROR;
				CLANG_WARN_QUOTED_INCLUDE_IN_FRAMEWORK_HEADER = YES;
				CLANG_WARN_RANGE_LOOP_ANALYSIS = YES;
				CLANG_WARN_STRICT_PROTOTYPES = YES;
				CLANG_WARN_SUSPICIOUS_MOVE = YES;
				CLANG_WARN_UNGUARDED_AVAILABILITY = YES_AGGRESSIVE;
				CLANG_WARN_UNREACHABLE_CODE = YES;
				CLANG_WARN__DUPLICATE_METHOD_MATCH = YES;
				COPY_PHASE_STRIP = NO;
				DEBUG_INFORMATION_FORMAT = "dwarf-with-dsym";
				ENABLE_NS_ASSERTIONS = NO;
				ENABLE_STRICT_OBJC_MSGSEND = YES;
				ENABLE_USER_SCRIPT_SANDBOXING = YES;
				GCC_C_LANGUAGE_STANDARD = gnu17;
				GCC_NO_COMMON_BLOCKS = YES;
				GCC_WARN_64_TO_32_BIT_CONVERSION = YES;
				GCC_WARN_ABOUT_RETURN_TYPE = YES_ERROR;
				GCC_WARN_UNDECLARED_SELECTOR = YES;
				GCC_WARN_UNINITIALIZED_AUTOS = YES_AGGRESSIVE;
				GCC_WARN_UNUSED_FUNCTION = YES;
				GCC_WARN_UNUSED_VARIABLE = YES;
				IPHONEOS_DEPLOYMENT_TARGET = 17.2;
				LOCALIZATION_PREFERS_STRING_CATALOGS = YES;
				MTL_ENABLE_DEBUG_INFO = NO;
				MTL_FAST_MATH = YES;
				SDKROOT = iphoneos;
				SWIFT_COMPILATION_MODE = wholemodule;
				VALIDATE_PRODUCT = YES;
			};
			name = Release;
		};
		C2EC14C22B52551400F75A3B /* Debug */ = {
			isa = XCBuildConfiguration;
			buildSettings = {
				ASSETCATALOG_COMPILER_APPICON_NAME = AppIcon;
				ASSETCATALOG_COMPILER_GLOBAL_ACCENT_COLOR_NAME = AccentColor;
				CODE_SIGN_STYLE = Automatic;
				CURRENT_PROJECT_VERSION = 1;
				DEVELOPMENT_TEAM = 8HG96SSK4A;
				GENERATE_INFOPLIST_FILE = YES;
				INFOPLIST_FILE = SeSAC_HW_ChattingData/Info.plist;
				INFOPLIST_KEY_UIApplicationSupportsIndirectInputEvents = YES;
				INFOPLIST_KEY_UILaunchStoryboardName = LaunchScreen;
				INFOPLIST_KEY_UIMainStoryboardFile = Main;
				INFOPLIST_KEY_UISupportedInterfaceOrientations_iPad = "UIInterfaceOrientationPortrait UIInterfaceOrientationPortraitUpsideDown UIInterfaceOrientationLandscapeLeft UIInterfaceOrientationLandscapeRight";
				INFOPLIST_KEY_UISupportedInterfaceOrientations_iPhone = "UIInterfaceOrientationPortrait UIInterfaceOrientationLandscapeLeft UIInterfaceOrientationLandscapeRight";
				LD_RUNPATH_SEARCH_PATHS = (
					"$(inherited)",
					"@executable_path/Frameworks",
				);
				MARKETING_VERSION = 1.0;
				PRODUCT_BUNDLE_IDENTIFIER = "com.cyndi.SeSAC-HW-ChattingData";
				PRODUCT_NAME = "$(TARGET_NAME)";
				SWIFT_EMIT_LOC_STRINGS = YES;
				SWIFT_VERSION = 5.0;
				TARGETED_DEVICE_FAMILY = "1,2";
			};
			name = Debug;
		};
		C2EC14C32B52551400F75A3B /* Release */ = {
			isa = XCBuildConfiguration;
			buildSettings = {
				ASSETCATALOG_COMPILER_APPICON_NAME = AppIcon;
				ASSETCATALOG_COMPILER_GLOBAL_ACCENT_COLOR_NAME = AccentColor;
				CODE_SIGN_STYLE = Automatic;
				CURRENT_PROJECT_VERSION = 1;
				DEVELOPMENT_TEAM = 8HG96SSK4A;
				GENERATE_INFOPLIST_FILE = YES;
				INFOPLIST_FILE = SeSAC_HW_ChattingData/Info.plist;
				INFOPLIST_KEY_UIApplicationSupportsIndirectInputEvents = YES;
				INFOPLIST_KEY_UILaunchStoryboardName = LaunchScreen;
				INFOPLIST_KEY_UIMainStoryboardFile = Main;
				INFOPLIST_KEY_UISupportedInterfaceOrientations_iPad = "UIInterfaceOrientationPortrait UIInterfaceOrientationPortraitUpsideDown UIInterfaceOrientationLandscapeLeft UIInterfaceOrientationLandscapeRight";
				INFOPLIST_KEY_UISupportedInterfaceOrientations_iPhone = "UIInterfaceOrientationPortrait UIInterfaceOrientationLandscapeLeft UIInterfaceOrientationLandscapeRight";
				LD_RUNPATH_SEARCH_PATHS = (
					"$(inherited)",
					"@executable_path/Frameworks",
				);
				MARKETING_VERSION = 1.0;
				PRODUCT_BUNDLE_IDENTIFIER = "com.cyndi.SeSAC-HW-ChattingData";
				PRODUCT_NAME = "$(TARGET_NAME)";
				SWIFT_EMIT_LOC_STRINGS = YES;
				SWIFT_VERSION = 5.0;
				TARGETED_DEVICE_FAMILY = "1,2";
			};
			name = Release;
		};
/* End XCBuildConfiguration section */

/* Begin XCConfigurationList section */
		C2EC14A82B52551200F75A3B /* Build configuration list for PBXProject "SeSAC_HW_ChattingData" */ = {
			isa = XCConfigurationList;
			buildConfigurations = (
				C2EC14BF2B52551400F75A3B /* Debug */,
				C2EC14C02B52551400F75A3B /* Release */,
			);
			defaultConfigurationIsVisible = 0;
			defaultConfigurationName = Release;
		};
		C2EC14C12B52551400F75A3B /* Build configuration list for PBXNativeTarget "SeSAC_HW_ChattingData" */ = {
			isa = XCConfigurationList;
			buildConfigurations = (
				C2EC14C22B52551400F75A3B /* Debug */,
				C2EC14C32B52551400F75A3B /* Release */,
			);
			defaultConfigurationIsVisible = 0;
			defaultConfigurationName = Release;
		};
/* End XCConfigurationList section */
	};
	rootObject = C2EC14A52B52551200F75A3B /* Project object */;
}
